
Microsoft Visual Studio Solution File, Format Version 12.00
# Visual Studio Version 16
VisualStudioVersion = 16.0.28922.388
MinimumVisualStudioVersion = 10.0.40219.1
Project("{FAE04EC0-301F-11D3-BF4B-00C04F79EFBC}") = "DevIO.UI.Site", "src\DevIO.UI.Site\DevIO.UI.Site.csproj", "{5E4725F7-0835-4DDF-8DBB-F8CE8F3A19E6}"
EndProject
Global
	GlobalSection(SolutionConfigurationPlatforms) = preSolution
		Debug|Any CPU = Debug|Any CPU
		Release|Any CPU = Release|Any CPU
	EndGlobalSection
	GlobalSection(ProjectConfigurationPlatforms) = postSolution
		{5E4725F7-0835-4DDF-8DBB-F8CE8F3A19E6}.Debug|Any CPU.ActiveCfg = Debug|Any CPU
		{5E4725F7-0835-4DDF-8DBB-F8CE8F3A19E6}.Debug|Any CPU.Build.0 = Debug|Any CPU
		{5E4725F7-0835-4DDF-8DBB-F8CE8F3A19E6}.Release|Any CPU.ActiveCfg = Release|Any CPU
		{5E4725F7-0835-4DDF-8DBB-F8CE8F3A19E6}.Release|Any CPU.Build.0 = Release|Any CPU
	EndGlobalSection
	GlobalSection(SolutionProperties) = preSolution
		HideSolutionNode = FALSE
	EndGlobalSection
	GlobalSection(ExtensibilityGlobals) = postSolution
		SolutionGuid = {793DB072-4335-4394-9A5F-6BD2421F93FD}
	EndGlobalSection
EndGlobal
